
Microsoft Visual Studio Solution File, Format Version 12.00
# Visual Studio 15
VisualStudioVersion = 15.0.27703.2000
MinimumVisualStudioVersion = 10.0.40219.1
Project("{FAE04EC0-301F-11D3-BF4B-00C04F79EFBC}") = "WebApplication1", "WebApplication1\WebApplication1.csproj", "{60F628B1-C2A7-4A1A-9BEA-8370791A242F}"
EndProject
Global
	GlobalSection(SolutionConfigurationPlatforms) = preSolution
		Debug|Any CPU = Debug|Any CPU
		Release|Any CPU = Release|Any CPU
	EndGlobalSection
	GlobalSection(ProjectConfigurationPlatforms) = postSolution
		{60F628B1-C2A7-4A1A-9BEA-8370791A242F}.Debug|Any CPU.ActiveCfg = Debug|Any CPU
		{60F628B1-C2A7-4A1A-9BEA-8370791A242F}.Debug|Any CPU.Build.0 = Debug|Any CPU
		{60F628B1-C2A7-4A1A-9BEA-8370791A242F}.Release|Any CPU.ActiveCfg = Release|Any CPU
		{60F628B1-C2A7-4A1A-9BEA-8370791A242F}.Release|Any CPU.Build.0 = Release|Any CPU
	EndGlobalSection
	GlobalSection(SolutionProperties) = preSolution
		HideSolutionNode = FALSE
	EndGlobalSection
	GlobalSection(ExtensibilityGlobals) = postSolution
		SolutionGuid = {4A280BD8-C7C2-42E9-9D66-97BAB01FDBB3}
	EndGlobalSection
EndGlobal
