
Microsoft Visual Studio Solution File, Format Version 12.00
# Visual Studio 15
VisualStudioVersion = 15.0.27130.2027
MinimumVisualStudioVersion = 10.0.40219.1
Project("{8BC9CEB8-8B4A-11D0-8D11-00A0C91BC942}") = "PortableAlarmSystem", "BasicPortableAlarmSystem\BasicPortableAlarmSystem.vcxproj", "{ACD1CD00-2D74-4298-85AA-96284F0E90C9}"
EndProject
Project("{2150E333-8FDC-42A3-9474-1A3956D46DE8}") = "Solution Items", "Solution Items", "{62142BBE-1833-483D-8F24-5D4523907830}"
	ProjectSection(SolutionItems) = preProject
		.travis.yml = .travis.yml
	EndProjectSection
EndProject
Global
	GlobalSection(SolutionConfigurationPlatforms) = preSolution
		Debug|x86 = Debug|x86
		Release|x86 = Release|x86
	EndGlobalSection
	GlobalSection(ProjectConfigurationPlatforms) = postSolution
		{ACD1CD00-2D74-4298-85AA-96284F0E90C9}.Debug|x86.ActiveCfg = Debug|Win32
		{ACD1CD00-2D74-4298-85AA-96284F0E90C9}.Debug|x86.Build.0 = Debug|Win32
		{ACD1CD00-2D74-4298-85AA-96284F0E90C9}.Release|x86.ActiveCfg = Release|Win32
		{ACD1CD00-2D74-4298-85AA-96284F0E90C9}.Release|x86.Build.0 = Release|Win32
	EndGlobalSection
	GlobalSection(SolutionProperties) = preSolution
		HideSolutionNode = FALSE
	EndGlobalSection
	GlobalSection(ExtensibilityGlobals) = postSolution
		SolutionGuid = {9101B88E-CF44-4A7F-8792-5442455CE859}
	EndGlobalSection
EndGlobal
